
Microsoft Visual Studio Solution File, Format Version 12.00
# Visual Studio 2013
VisualStudioVersion = 12.0.40629.0
MinimumVisualStudioVersion = 10.0.40219.1
Project("{FAE04EC0-301F-11D3-BF4B-00C04F79EFBC}") = "NC.Control", "NC.Control\NC.Control.csproj", "{72C16B94-68E3-4812-B3A3-BD297F0FF347}"
EndProject
Project("{FAE04EC0-301F-11D3-BF4B-00C04F79EFBC}") = "NC.Control.Samples", "NC.Control.Examples\NC.Control.Samples.csproj", "{163E4060-3BFC-4380-BECD-879685F6FD69}"
EndProject
Project("{FAE04EC0-301F-11D3-BF4B-00C04F79EFBC}") = "NC.Panel", "NC.Panel\NC.Panel.csproj", "{C5AD0386-650F-44BA-B9B4-9CA8E14C41B2}"
EndProject
Global
	GlobalSection(SolutionConfigurationPlatforms) = preSolution
		Debug|Any CPU = Debug|Any CPU
		Release|Any CPU = Release|Any CPU
	EndGlobalSection
	GlobalSection(ProjectConfigurationPlatforms) = postSolution
		{72C16B94-68E3-4812-B3A3-BD297F0FF347}.Debug|Any CPU.ActiveCfg = Debug|Any CPU
		{72C16B94-68E3-4812-B3A3-BD297F0FF347}.Debug|Any CPU.Build.0 = Debug|Any CPU
		{72C16B94-68E3-4812-B3A3-BD297F0FF347}.Release|Any CPU.ActiveCfg = Release|Any CPU
		{72C16B94-68E3-4812-B3A3-BD297F0FF347}.Release|Any CPU.Build.0 = Release|Any CPU
		{163E4060-3BFC-4380-BECD-879685F6FD69}.Debug|Any CPU.ActiveCfg = Debug|Any CPU
		{163E4060-3BFC-4380-BECD-879685F6FD69}.Debug|Any CPU.Build.0 = Debug|Any CPU
		{163E4060-3BFC-4380-BECD-879685F6FD69}.Release|Any CPU.ActiveCfg = Release|Any CPU
		{163E4060-3BFC-4380-BECD-879685F6FD69}.Release|Any CPU.Build.0 = Release|Any CPU
		{C5AD0386-650F-44BA-B9B4-9CA8E14C41B2}.Debug|Any CPU.ActiveCfg = Debug|Any CPU
		{C5AD0386-650F-44BA-B9B4-9CA8E14C41B2}.Debug|Any CPU.Build.0 = Debug|Any CPU
		{C5AD0386-650F-44BA-B9B4-9CA8E14C41B2}.Release|Any CPU.ActiveCfg = Release|Any CPU
		{C5AD0386-650F-44BA-B9B4-9CA8E14C41B2}.Release|Any CPU.Build.0 = Release|Any CPU
	EndGlobalSection
	GlobalSection(SolutionProperties) = preSolution
		HideSolutionNode = FALSE
	EndGlobalSection
EndGlobal
